
Microsoft Visual Studio Solution File, Format Version 12.00
# Visual Studio Version 17
VisualStudioVersion = 17.12.35527.113 d17.12
MinimumVisualStudioVersion = 10.0.40219.1
Project("{FAE04EC0-301F-11D3-BF4B-00C04F79EFBC}") = "ApiLayer", "ApiLayer\ApiLayer.csproj", "{28FAC767-ABC4-4A08-B22D-117D4DCE73E1}"
EndProject
Project("{FAE04EC0-301F-11D3-BF4B-00C04F79EFBC}") = "BLL", "BLL\BLL.csproj", "{DE4DDB81-5F88-4D06-B2AD-48801F530D8F}"
EndProject
Project("{FAE04EC0-301F-11D3-BF4B-00C04F79EFBC}") = "DAL", "DAL\DAL.csproj", "{A4BAFAED-DFD2-44F4-93D1-8DDB7911CC06}"
EndProject
Global
	GlobalSection(SolutionConfigurationPlatforms) = preSolution
		Debug|Any CPU = Debug|Any CPU
		Release|Any CPU = Release|Any CPU
	EndGlobalSection
	GlobalSection(ProjectConfigurationPlatforms) = postSolution
		{28FAC767-ABC4-4A08-B22D-117D4DCE73E1}.Debug|Any CPU.ActiveCfg = Debug|Any CPU
		{28FAC767-ABC4-4A08-B22D-117D4DCE73E1}.Debug|Any CPU.Build.0 = Debug|Any CPU
		{28FAC767-ABC4-4A08-B22D-117D4DCE73E1}.Release|Any CPU.ActiveCfg = Release|Any CPU
		{28FAC767-ABC4-4A08-B22D-117D4DCE73E1}.Release|Any CPU.Build.0 = Release|Any CPU
		{DE4DDB81-5F88-4D06-B2AD-48801F530D8F}.Debug|Any CPU.ActiveCfg = Debug|Any CPU
		{DE4DDB81-5F88-4D06-B2AD-48801F530D8F}.Debug|Any CPU.Build.0 = Debug|Any CPU
		{DE4DDB81-5F88-4D06-B2AD-48801F530D8F}.Release|Any CPU.ActiveCfg = Release|Any CPU
		{DE4DDB81-5F88-4D06-B2AD-48801F530D8F}.Release|Any CPU.Build.0 = Release|Any CPU
		{A4BAFAED-DFD2-44F4-93D1-8DDB7911CC06}.Debug|Any CPU.ActiveCfg = Debug|Any CPU
		{A4BAFAED-DFD2-44F4-93D1-8DDB7911CC06}.Debug|Any CPU.Build.0 = Debug|Any CPU
		{A4BAFAED-DFD2-44F4-93D1-8DDB7911CC06}.Release|Any CPU.ActiveCfg = Release|Any CPU
		{A4BAFAED-DFD2-44F4-93D1-8DDB7911CC06}.Release|Any CPU.Build.0 = Release|Any CPU
	EndGlobalSection
	GlobalSection(SolutionProperties) = preSolution
		HideSolutionNode = FALSE
	EndGlobalSection
EndGlobal
